
Microsoft Visual Studio Solution File, Format Version 12.00
# Visual Studio Version 17
VisualStudioVersion = 17.2.32630.192
MinimumVisualStudioVersion = 10.0.40219.1
Project("{F184B08F-C81C-45F6-A57F-5ABD9991F28F}") = "calculator", "calculator\calculator.vbproj", "{E532FF18-38D8-4ED4-AC86-1F915E350FFB}"
EndProject
Global
	GlobalSection(SolutionConfigurationPlatforms) = preSolution
		Debug|Any CPU = Debug|Any CPU
		Release|Any CPU = Release|Any CPU
	EndGlobalSection
	GlobalSection(ProjectConfigurationPlatforms) = postSolution
		{E532FF18-38D8-4ED4-AC86-1F915E350FFB}.Debug|Any CPU.ActiveCfg = Debug|Any CPU
		{E532FF18-38D8-4ED4-AC86-1F915E350FFB}.Debug|Any CPU.Build.0 = Debug|Any CPU
		{E532FF18-38D8-4ED4-AC86-1F915E350FFB}.Release|Any CPU.ActiveCfg = Release|Any CPU
		{E532FF18-38D8-4ED4-AC86-1F915E350FFB}.Release|Any CPU.Build.0 = Release|Any CPU
	EndGlobalSection
	GlobalSection(SolutionProperties) = preSolution
		HideSolutionNode = FALSE
	EndGlobalSection
	GlobalSection(ExtensibilityGlobals) = postSolution
		SolutionGuid = {30A39718-E0D0-4D16-A439-A5462B63F985}
	EndGlobalSection
EndGlobal
